
Microsoft Visual Studio Solution File, Format Version 12.00
# Visual Studio 15
VisualStudioVersion = 15.0.28010.2048
MinimumVisualStudioVersion = 10.0.40219.1
Project("{FAE04EC0-301F-11D3-BF4B-00C04F79EFBC}") = "Tekstowo.WebUI", "Tekstowo.WebUI\Tekstowo.WebUI.csproj", "{D1FD9C53-BD3E-4346-950A-C201B709ED25}"
EndProject
Project("{9A19103F-16F7-4668-BE54-9A1E7A4F7556}") = "Tekstowo.Domain", "Tekstowo.Domain\Tekstowo.Domain.csproj", "{967EDD3F-E003-4870-A91B-2EF24D06A9E1}"
EndProject
Global
	GlobalSection(SolutionConfigurationPlatforms) = preSolution
		Debug|Any CPU = Debug|Any CPU
		Release|Any CPU = Release|Any CPU
	EndGlobalSection
	GlobalSection(ProjectConfigurationPlatforms) = postSolution
		{D1FD9C53-BD3E-4346-950A-C201B709ED25}.Debug|Any CPU.ActiveCfg = Debug|Any CPU
		{D1FD9C53-BD3E-4346-950A-C201B709ED25}.Debug|Any CPU.Build.0 = Debug|Any CPU
		{D1FD9C53-BD3E-4346-950A-C201B709ED25}.Release|Any CPU.ActiveCfg = Release|Any CPU
		{D1FD9C53-BD3E-4346-950A-C201B709ED25}.Release|Any CPU.Build.0 = Release|Any CPU
		{967EDD3F-E003-4870-A91B-2EF24D06A9E1}.Debug|Any CPU.ActiveCfg = Debug|Any CPU
		{967EDD3F-E003-4870-A91B-2EF24D06A9E1}.Debug|Any CPU.Build.0 = Debug|Any CPU
		{967EDD3F-E003-4870-A91B-2EF24D06A9E1}.Release|Any CPU.ActiveCfg = Release|Any CPU
		{967EDD3F-E003-4870-A91B-2EF24D06A9E1}.Release|Any CPU.Build.0 = Release|Any CPU
	EndGlobalSection
	GlobalSection(SolutionProperties) = preSolution
		HideSolutionNode = FALSE
	EndGlobalSection
	GlobalSection(ExtensibilityGlobals) = postSolution
		SolutionGuid = {4FB35966-247A-4A55-AC33-72F8E662309C}
	EndGlobalSection
EndGlobal
